
Microsoft Visual Studio Solution File, Format Version 12.00
# Visual Studio Version 16
VisualStudioVersion = 16.0.29403.142
MinimumVisualStudioVersion = 10.0.40219.1
Project("{FAE04EC0-301F-11D3-BF4B-00C04F79EFBC}") = "Exercise02", "Exercise02.csproj", "{21789253-1CDA-4FA2-955E-87890AF4964D}"
EndProject
Global
	GlobalSection(SolutionConfigurationPlatforms) = preSolution
		Debug|Any CPU = Debug|Any CPU
		Release|Any CPU = Release|Any CPU
	EndGlobalSection
	GlobalSection(ProjectConfigurationPlatforms) = postSolution
		{21789253-1CDA-4FA2-955E-87890AF4964D}.Debug|Any CPU.ActiveCfg = Debug|Any CPU
		{21789253-1CDA-4FA2-955E-87890AF4964D}.Debug|Any CPU.Build.0 = Debug|Any CPU
		{21789253-1CDA-4FA2-955E-87890AF4964D}.Release|Any CPU.ActiveCfg = Release|Any CPU
		{21789253-1CDA-4FA2-955E-87890AF4964D}.Release|Any CPU.Build.0 = Release|Any CPU
	EndGlobalSection
	GlobalSection(SolutionProperties) = preSolution
		HideSolutionNode = FALSE
	EndGlobalSection
	GlobalSection(ExtensibilityGlobals) = postSolution
		SolutionGuid = {EAF2D44B-33AA-4ABF-A924-5EA606E09A7F}
	EndGlobalSection
EndGlobal
